
Microsoft Visual Studio Solution File, Format Version 12.00
# Visual Studio Version 17
VisualStudioVersion = 17.5.33516.290
MinimumVisualStudioVersion = 10.0.40219.1
Project("{9A19103F-16F7-4668-BE54-9A1E7A4F7556}") = "QuocGHPlugin", "QuocGHPlugin.csproj", "{C37E5EE0-C5CF-4414-B5DA-117E3E3A8FB0}"
EndProject
Global
	GlobalSection(SolutionConfigurationPlatforms) = preSolution
		Debug|Any CPU = Debug|Any CPU
		Release|Any CPU = Release|Any CPU
	EndGlobalSection
	GlobalSection(ProjectConfigurationPlatforms) = postSolution
		{C37E5EE0-C5CF-4414-B5DA-117E3E3A8FB0}.Debug|Any CPU.ActiveCfg = Debug|Any CPU
		{C37E5EE0-C5CF-4414-B5DA-117E3E3A8FB0}.Debug|Any CPU.Build.0 = Debug|Any CPU
		{C37E5EE0-C5CF-4414-B5DA-117E3E3A8FB0}.Release|Any CPU.ActiveCfg = Release|Any CPU
		{C37E5EE0-C5CF-4414-B5DA-117E3E3A8FB0}.Release|Any CPU.Build.0 = Release|Any CPU
	EndGlobalSection
	GlobalSection(SolutionProperties) = preSolution
		HideSolutionNode = FALSE
	EndGlobalSection
	GlobalSection(ExtensibilityGlobals) = postSolution
		SolutionGuid = {1B380B75-F791-4759-B318-5482A5E33708}
	EndGlobalSection
EndGlobal
